{
  "nodes": {
    "flake-parts": {
      "inputs": {
        "nixpkgs-lib": [
          "neovim-nightly-overlay",
          "nixpkgs"
        ]
      },
      "locked": {
        "lastModified": 1765495779,
        "narHash": "sha256-MhA7wmo/7uogLxiewwRRmIax70g6q1U/YemqTGoFHlM=",
        "owner": "hercules-ci",
        "repo": "flake-parts",
        "rev": "5635c32d666a59ec9a55cab87e898889869f7b71",
        "type": "github"
      },
      "original": {
        "owner": "hercules-ci",
        "repo": "flake-parts",
        "type": "github"
      }
    },
    "home-manager": {
      "inputs": {
        "nixpkgs": [
          "nixpkgs"
        ]
      },
      "locked": {
        "lastModified": 1762704774,
        "narHash": "sha256-iodz4xQbULkHqetbPu5BCSWsVEzZiiNSv0/dzfH4XiE=",
        "owner": "nix-community",
        "repo": "home-manager",
        "rev": "be4a9233dd3f6104c9b0fdd3d56f953eb519a4c7",
        "type": "github"
      },
      "original": {
        "owner": "nix-community",
        "ref": "master",
        "repo": "home-manager",
        "type": "github"
      }
    },
    "neovim-nightly-overlay": {
      "inputs": {
        "flake-parts": "flake-parts",
        "neovim-src": "neovim-src",
        "nixpkgs": "nixpkgs"
      },
      "locked": {
        "lastModified": 1765497880,
        "narHash": "sha256-Bm3Llrq6vMh8o8kW0v8dCDuiXSpFCLOxXORIedLzOys=",
        "owner": "nix-community",
        "repo": "neovim-nightly-overlay",
        "rev": "f8bf621897eb25a97aaf3f53e517e2bd83fbcffa",
        "type": "github"
      },
      "original": {
        "owner": "nix-community",
        "repo": "neovim-nightly-overlay",
        "type": "github"
      }
    },
    "neovim-src": {
      "flake": false,
      "locked": {
        "lastModified": 1765479520,
        "narHash": "sha256-EI1iD5XmxwOkJSXc7Q1xCUIMWT84/1saYZ9ITPsDrzg=",
        "owner": "neovim",
        "repo": "neovim",
        "rev": "054eaf8493cbcf35ad386675fcaa0cc38d6b63e7",
        "type": "github"
      },
      "original": {
        "owner": "neovim",
        "repo": "neovim",
        "type": "github"
      }
    },
    "nixpkgs": {
      "locked": {
        "lastModified": 1765270179,
        "narHash": "sha256-g2a4MhRKu4ymR4xwo+I+auTknXt/+j37Lnf0Mvfl1rE=",
        "owner": "NixOS",
        "repo": "nixpkgs",
        "rev": "677fbe97984e7af3175b6c121f3c39ee5c8d62c9",
        "type": "github"
      },
      "original": {
        "owner": "NixOS",
        "ref": "nixpkgs-unstable",
        "repo": "nixpkgs",
        "type": "github"
      }
    },
    "nixpkgs_2": {
      "locked": {
        "lastModified": 1762554677,
        "narHash": "sha256-U+fP0JeohDFGRU30jeIAeQFAl6/PVfWJPabWPzUmRFI=",
        "owner": "nixos",
        "repo": "nixpkgs",
        "rev": "dd11e87513e1efcd62fd9ac27acaded5b49b63ab",
        "type": "github"
      },
      "original": {
        "owner": "nixos",
        "ref": "nixpkgs-25.05-darwin",
        "repo": "nixpkgs",
        "type": "github"
      }
    },
    "root": {
      "inputs": {
        "home-manager": "home-manager",
        "neovim-nightly-overlay": "neovim-nightly-overlay",
        "nixpkgs": "nixpkgs_2",
        "unstable": "unstable"
      }
    },
    "unstable": {
      "locked": {
        "lastModified": 1762482733,
        "narHash": "sha256-g/da4FzvckvbiZT075Sb1/YDNDr+tGQgh4N8i5ceYMg=",
        "owner": "nixos",
        "repo": "nixpkgs",
        "rev": "e1ebeec86b771e9d387dd02d82ffdc77ac753abc",
        "type": "github"
      },
      "original": {
        "owner": "nixos",
        "ref": "nixpkgs-unstable",
        "repo": "nixpkgs",
        "type": "github"
      }
    }
  },
  "root": "root",
  "version": 7
}
